<Solution>
  <Configurations>
    <Platform Name="Any CPU" />
    <Platform Name="x64" />
    <Platform Name="x86" />
  </Configurations>
  <Project Path="src/MassifCentral.Console/MassifCentral.Console.csproj" />
  <Project Path="src/MassifCentral.Lib/MassifCentral.Lib.csproj" />
  <Project Path="tests/MassifCentral.Tests/MassifCentral.Tests.csproj" />
</Solution>
